
Microsoft Visual Studio Solution File, Format Version 12.00
# Visual Studio Version 17
VisualStudioVersion = 17.12.35506.116
MinimumVisualStudioVersion = 10.0.40219.1
Project("{FAE04EC0-301F-11D3-BF4B-00C04F79EFBC}") = "GrpcService1", "GrpcService1\GrpcService1.csproj", "{CC9DFCD8-A4C7-4616-8915-EE5AD8679DCE}"
EndProject
Project("{FAE04EC0-301F-11D3-BF4B-00C04F79EFBC}") = "ConsoleApp1", "ConsoleApp1\ConsoleApp1.csproj", "{5C1ADDBB-4578-4CA0-B9B0-7AB9895C8939}"
EndProject
Project("{FAE04EC0-301F-11D3-BF4B-00C04F79EFBC}") = "YetAnotherHttpHandler", "..\src\YetAnotherHttpHandler\YetAnotherHttpHandler.csproj", "{90DC9F82-CFEC-407F-8D46-736356AC2D74}"
EndProject
Global
	GlobalSection(SolutionConfigurationPlatforms) = preSolution
		Debug|Any CPU = Debug|Any CPU
		Release|Any CPU = Release|Any CPU
	EndGlobalSection
	GlobalSection(ProjectConfigurationPlatforms) = postSolution
		{CC9DFCD8-A4C7-4616-8915-EE5AD8679DCE}.Debug|Any CPU.ActiveCfg = Debug|Any CPU
		{CC9DFCD8-A4C7-4616-8915-EE5AD8679DCE}.Debug|Any CPU.Build.0 = Debug|Any CPU
		{CC9DFCD8-A4C7-4616-8915-EE5AD8679DCE}.Release|Any CPU.ActiveCfg = Release|Any CPU
		{CC9DFCD8-A4C7-4616-8915-EE5AD8679DCE}.Release|Any CPU.Build.0 = Release|Any CPU
		{5C1ADDBB-4578-4CA0-B9B0-7AB9895C8939}.Debug|Any CPU.ActiveCfg = Debug|Any CPU
		{5C1ADDBB-4578-4CA0-B9B0-7AB9895C8939}.Debug|Any CPU.Build.0 = Debug|Any CPU
		{5C1ADDBB-4578-4CA0-B9B0-7AB9895C8939}.Release|Any CPU.ActiveCfg = Release|Any CPU
		{5C1ADDBB-4578-4CA0-B9B0-7AB9895C8939}.Release|Any CPU.Build.0 = Release|Any CPU
		{90DC9F82-CFEC-407F-8D46-736356AC2D74}.Debug|Any CPU.ActiveCfg = Debug|Any CPU
		{90DC9F82-CFEC-407F-8D46-736356AC2D74}.Debug|Any CPU.Build.0 = Debug|Any CPU
		{90DC9F82-CFEC-407F-8D46-736356AC2D74}.Release|Any CPU.ActiveCfg = Release|Any CPU
		{90DC9F82-CFEC-407F-8D46-736356AC2D74}.Release|Any CPU.Build.0 = Release|Any CPU
	EndGlobalSection
	GlobalSection(SolutionProperties) = preSolution
		HideSolutionNode = FALSE
	EndGlobalSection
EndGlobal
